
Microsoft Visual Studio Solution File, Format Version 12.00
# Visual Studio Version 16
VisualStudioVersion = 16.0.31911.196
MinimumVisualStudioVersion = 10.0.40219.1
Project("{FAE04EC0-301F-11D3-BF4B-00C04F79EFBC}") = "Lab_003", "Lab_003.csproj", "{4B6C730B-9879-4F51-95FB-87C870D9DF8C}"
EndProject
Global
	GlobalSection(SolutionConfigurationPlatforms) = preSolution
		Debug|Any CPU = Debug|Any CPU
		Release|Any CPU = Release|Any CPU
	EndGlobalSection
	GlobalSection(ProjectConfigurationPlatforms) = postSolution
		{4B6C730B-9879-4F51-95FB-87C870D9DF8C}.Debug|Any CPU.ActiveCfg = Debug|Any CPU
		{4B6C730B-9879-4F51-95FB-87C870D9DF8C}.Debug|Any CPU.Build.0 = Debug|Any CPU
		{4B6C730B-9879-4F51-95FB-87C870D9DF8C}.Release|Any CPU.ActiveCfg = Release|Any CPU
		{4B6C730B-9879-4F51-95FB-87C870D9DF8C}.Release|Any CPU.Build.0 = Release|Any CPU
	EndGlobalSection
	GlobalSection(SolutionProperties) = preSolution
		HideSolutionNode = FALSE
	EndGlobalSection
	GlobalSection(ExtensibilityGlobals) = postSolution
		SolutionGuid = {B4750FF0-17C6-45F3-9325-69BD4858A11B}
	EndGlobalSection
EndGlobal
